
Microsoft Visual Studio Solution File, Format Version 12.00
# Visual Studio Version 17
VisualStudioVersion = 17.13.35919.96
MinimumVisualStudioVersion = 10.0.40219.1
Project("{FAE04EC0-301F-11D3-BF4B-00C04F79EFBC}") = "Townsquare", "Townsquare\Townsquare.csproj", "{DE7DB5D8-FC9C-4D70-B38C-58A1C9131251}"
EndProject
Global
	GlobalSection(SolutionConfigurationPlatforms) = preSolution
		Debug|Any CPU = Debug|Any CPU
		Release|Any CPU = Release|Any CPU
	EndGlobalSection
	GlobalSection(ProjectConfigurationPlatforms) = postSolution
		{DE7DB5D8-FC9C-4D70-B38C-58A1C9131251}.Debug|Any CPU.ActiveCfg = Debug|Any CPU
		{DE7DB5D8-FC9C-4D70-B38C-58A1C9131251}.Debug|Any CPU.Build.0 = Debug|Any CPU
		{DE7DB5D8-FC9C-4D70-B38C-58A1C9131251}.Release|Any CPU.ActiveCfg = Release|Any CPU
		{DE7DB5D8-FC9C-4D70-B38C-58A1C9131251}.Release|Any CPU.Build.0 = Release|Any CPU
	EndGlobalSection
	GlobalSection(SolutionProperties) = preSolution
		HideSolutionNode = FALSE
	EndGlobalSection
	GlobalSection(ExtensibilityGlobals) = postSolution
		SolutionGuid = {E1CD7743-E982-4452-A4AE-26D805FC14D8}
	EndGlobalSection
EndGlobal
